
Microsoft Visual Studio Solution File, Format Version 12.00
# Visual Studio 14
VisualStudioVersion = 14.0.25420.1
MinimumVisualStudioVersion = 10.0.40219.1
Project("{FAE04EC0-301F-11D3-BF4B-00C04F79EFBC}") = "MaterialColorWheelDemo", "MaterialColorWheelDemo\MaterialColorWheelDemo.csproj", "{D2E4BF91-DBAF-4D64-AFDD-2749B78BCF41}"
EndProject
Project("{FAE04EC0-301F-11D3-BF4B-00C04F79EFBC}") = "MaterialDesignAddon", "MaterialDesignAddon\MaterialDesignAddon.csproj", "{2306B263-506A-4030-A360-EDF57125EC0C}"
EndProject
Global
	GlobalSection(SolutionConfigurationPlatforms) = preSolution
		Debug|Any CPU = Debug|Any CPU
		Release|Any CPU = Release|Any CPU
	EndGlobalSection
	GlobalSection(ProjectConfigurationPlatforms) = postSolution
		{D2E4BF91-DBAF-4D64-AFDD-2749B78BCF41}.Debug|Any CPU.ActiveCfg = Debug|Any CPU
		{D2E4BF91-DBAF-4D64-AFDD-2749B78BCF41}.Debug|Any CPU.Build.0 = Debug|Any CPU
		{D2E4BF91-DBAF-4D64-AFDD-2749B78BCF41}.Release|Any CPU.ActiveCfg = Release|Any CPU
		{D2E4BF91-DBAF-4D64-AFDD-2749B78BCF41}.Release|Any CPU.Build.0 = Release|Any CPU
		{2306B263-506A-4030-A360-EDF57125EC0C}.Debug|Any CPU.ActiveCfg = Debug|Any CPU
		{2306B263-506A-4030-A360-EDF57125EC0C}.Debug|Any CPU.Build.0 = Debug|Any CPU
		{2306B263-506A-4030-A360-EDF57125EC0C}.Release|Any CPU.ActiveCfg = Release|Any CPU
		{2306B263-506A-4030-A360-EDF57125EC0C}.Release|Any CPU.Build.0 = Release|Any CPU
	EndGlobalSection
	GlobalSection(SolutionProperties) = preSolution
		HideSolutionNode = FALSE
	EndGlobalSection
	GlobalSection(CodealikeProperties) = postSolution
		SolutionGuid = 0788a22c-a5cb-4975-b993-962f7b6e0545
	EndGlobalSection
EndGlobal
